// !$*UTF8*$!
{
	archiveVersion = 1;
	classes = {
	};
	objectVersion = 50;
	objects = {

/* Begin PBXBuildFile section */
		C81D6988233CEAEC00D0AD52 /* InsertionSort.swift in Sources */ = {isa = PBXBuildFile; fileRef = C81D6987233CEAEC00D0AD52 /* InsertionSort.swift */; };
		C82A9821233E3C2200260B99 /* MergeSort.swift in Sources */ = {isa = PBXBuildFile; fileRef = C82A9820233E3C2200260B99 /* MergeSort.swift */; };
		C8480870234D6029006A81B8 /* DepthFirstSearch.swift in Sources */ = {isa = PBXBuildFile; fileRef = C848086F234D6029006A81B8 /* DepthFirstSearch.swift */; };
		C84E061A2353F52400907A2C /* DynamicProgramming.swift in Sources */ = {isa = PBXBuildFile; fileRef = C84E06192353F52400907A2C /* DynamicProgramming.swift */; };
		C88C1D8B23444081008116FA /* BinarySearch.swift in Sources */ = {isa = PBXBuildFile; fileRef = C88C1D8A23444081008116FA /* BinarySearch.swift */; };
		C88C1D8D2346FFA0008116FA /* DivideAndConquer.swift in Sources */ = {isa = PBXBuildFile; fileRef = C88C1D8C2346FFA0008116FA /* DivideAndConquer.swift */; };
		C88C1D8F2347127D008116FA /* Stack.swift in Sources */ = {isa = PBXBuildFile; fileRef = C88C1D8E2347127D008116FA /* Stack.swift */; };
		C88C1D9123485A66008116FA /* Sort.swift in Sources */ = {isa = PBXBuildFile; fileRef = C88C1D9023485A66008116FA /* Sort.swift */; };
		C88C1D93234A35AE008116FA /* Heap.swift in Sources */ = {isa = PBXBuildFile; fileRef = C88C1D92234A35AE008116FA /* Heap.swift */; };
		C88C1D95234A35E5008116FA /* HeapSort.swift in Sources */ = {isa = PBXBuildFile; fileRef = C88C1D94234A35E5008116FA /* HeapSort.swift */; };
		C88C1D97234A4185008116FA /* Tree.swift in Sources */ = {isa = PBXBuildFile; fileRef = C88C1D96234A4185008116FA /* Tree.swift */; };
		C88FB4622341E85D00A81BA3 /* Array.swift in Sources */ = {isa = PBXBuildFile; fileRef = C88FB4612341E85D00A81BA3 /* Array.swift */; };
		C88FB4642341E91E00A81BA3 /* String.swift in Sources */ = {isa = PBXBuildFile; fileRef = C88FB4632341E91E00A81BA3 /* String.swift */; };
		C88FB4662341EBE800A81BA3 /* LinkedList.swift in Sources */ = {isa = PBXBuildFile; fileRef = C88FB4652341EBE800A81BA3 /* LinkedList.swift */; };
		C8C34D4A2333AA3000CD5225 /* main.swift in Sources */ = {isa = PBXBuildFile; fileRef = C8C34D492333AA3000CD5225 /* main.swift */; };
		C8C34D642333ACE400CD5225 /* SelectionSort.swift in Sources */ = {isa = PBXBuildFile; fileRef = C8C34D632333ACE400CD5225 /* SelectionSort.swift */; };
		C8C34D672333B15400CD5225 /* BubbleSort.swift in Sources */ = {isa = PBXBuildFile; fileRef = C8C34D662333B15400CD5225 /* BubbleSort.swift */; };
		C8E86BFC23442C370037740C /* Math.swift in Sources */ = {isa = PBXBuildFile; fileRef = C8E86BFB23442C370037740C /* Math.swift */; };
		C8E86BFE2344332E0037740C /* TwoPoints.swift in Sources */ = {isa = PBXBuildFile; fileRef = C8E86BFD2344332E0037740C /* TwoPoints.swift */; };
/* End PBXBuildFile section */

/* Begin PBXCopyFilesBuildPhase section */
		C8C34D442333AA3000CD5225 /* CopyFiles */ = {
			isa = PBXCopyFilesBuildPhase;
			buildActionMask = 2147483647;
			dstPath = /usr/share/man/man1/;
			dstSubfolderSpec = 0;
			files = (
			);
			runOnlyForDeploymentPostprocessing = 1;
		};
/* End PBXCopyFilesBuildPhase section */

/* Begin PBXFileReference section */
		C81D6987233CEAEC00D0AD52 /* InsertionSort.swift */ = {isa = PBXFileReference; lastKnownFileType = sourcecode.swift; path = InsertionSort.swift; sourceTree = "<group>"; };
		C82A9820233E3C2200260B99 /* MergeSort.swift */ = {isa = PBXFileReference; lastKnownFileType = sourcecode.swift; path = MergeSort.swift; sourceTree = "<group>"; };
		C848086F234D6029006A81B8 /* DepthFirstSearch.swift */ = {isa = PBXFileReference; lastKnownFileType = sourcecode.swift; path = DepthFirstSearch.swift; sourceTree = "<group>"; };
		C84E06192353F52400907A2C /* DynamicProgramming.swift */ = {isa = PBXFileReference; lastKnownFileType = sourcecode.swift; path = DynamicProgramming.swift; sourceTree = "<group>"; };
		C88C1D8A23444081008116FA /* BinarySearch.swift */ = {isa = PBXFileReference; lastKnownFileType = sourcecode.swift; path = BinarySearch.swift; sourceTree = "<group>"; };
		C88C1D8C2346FFA0008116FA /* DivideAndConquer.swift */ = {isa = PBXFileReference; lastKnownFileType = sourcecode.swift; path = DivideAndConquer.swift; sourceTree = "<group>"; };
		C88C1D8E2347127D008116FA /* Stack.swift */ = {isa = PBXFileReference; lastKnownFileType = sourcecode.swift; path = Stack.swift; sourceTree = "<group>"; };
		C88C1D9023485A66008116FA /* Sort.swift */ = {isa = PBXFileReference; lastKnownFileType = sourcecode.swift; path = Sort.swift; sourceTree = "<group>"; };
		C88C1D92234A35AE008116FA /* Heap.swift */ = {isa = PBXFileReference; lastKnownFileType = sourcecode.swift; path = Heap.swift; sourceTree = "<group>"; };
		C88C1D94234A35E5008116FA /* HeapSort.swift */ = {isa = PBXFileReference; lastKnownFileType = sourcecode.swift; path = HeapSort.swift; sourceTree = "<group>"; };
		C88C1D96234A4185008116FA /* Tree.swift */ = {isa = PBXFileReference; lastKnownFileType = sourcecode.swift; path = Tree.swift; sourceTree = "<group>"; };
		C88FB4612341E85D00A81BA3 /* Array.swift */ = {isa = PBXFileReference; lastKnownFileType = sourcecode.swift; path = Array.swift; sourceTree = "<group>"; };
		C88FB4632341E91E00A81BA3 /* String.swift */ = {isa = PBXFileReference; lastKnownFileType = sourcecode.swift; path = String.swift; sourceTree = "<group>"; };
		C88FB4652341EBE800A81BA3 /* LinkedList.swift */ = {isa = PBXFileReference; lastKnownFileType = sourcecode.swift; path = LinkedList.swift; sourceTree = "<group>"; };
		C8C34D462333AA3000CD5225 /* HelloSwift */ = {isa = PBXFileReference; explicitFileType = "compiled.mach-o.executable"; includeInIndex = 0; path = HelloSwift; sourceTree = BUILT_PRODUCTS_DIR; };
		C8C34D492333AA3000CD5225 /* main.swift */ = {isa = PBXFileReference; lastKnownFileType = sourcecode.swift; path = main.swift; sourceTree = "<group>"; };
		C8C34D632333ACE400CD5225 /* SelectionSort.swift */ = {isa = PBXFileReference; lastKnownFileType = sourcecode.swift; path = SelectionSort.swift; sourceTree = "<group>"; };
		C8C34D662333B15400CD5225 /* BubbleSort.swift */ = {isa = PBXFileReference; lastKnownFileType = sourcecode.swift; path = BubbleSort.swift; sourceTree = "<group>"; };
		C8E86BFB23442C370037740C /* Math.swift */ = {isa = PBXFileReference; lastKnownFileType = sourcecode.swift; path = Math.swift; sourceTree = "<group>"; };
		C8E86BFD2344332E0037740C /* TwoPoints.swift */ = {isa = PBXFileReference; lastKnownFileType = sourcecode.swift; path = TwoPoints.swift; sourceTree = "<group>"; };
/* End PBXFileReference section */

/* Begin PBXFrameworksBuildPhase section */
		C8C34D432333AA3000CD5225 /* Frameworks */ = {
			isa = PBXFrameworksBuildPhase;
			buildActionMask = 2147483647;
			files = (
			);
			runOnlyForDeploymentPostprocessing = 0;
		};
/* End PBXFrameworksBuildPhase section */

/* Begin PBXGroup section */
		C81D6984233CDC0100D0AD52 /* leetcode */ = {
			isa = PBXGroup;
			children = (
				C88FB4612341E85D00A81BA3 /* Array.swift */,
				C88FB4632341E91E00A81BA3 /* String.swift */,
				C88FB4652341EBE800A81BA3 /* LinkedList.swift */,
				C8E86BFB23442C370037740C /* Math.swift */,
				C8E86BFD2344332E0037740C /* TwoPoints.swift */,
				C88C1D8A23444081008116FA /* BinarySearch.swift */,
				C88C1D8C2346FFA0008116FA /* DivideAndConquer.swift */,
				C88C1D8E2347127D008116FA /* Stack.swift */,
				C88C1D9023485A66008116FA /* Sort.swift */,
				C88C1D92234A35AE008116FA /* Heap.swift */,
				C88C1D96234A4185008116FA /* Tree.swift */,
				C848086F234D6029006A81B8 /* DepthFirstSearch.swift */,
				C84E06192353F52400907A2C /* DynamicProgramming.swift */,
			);
			path = leetcode;
			sourceTree = "<group>";
		};
		C8C34D3D2333AA3000CD5225 = {
			isa = PBXGroup;
			children = (
				C8C34D482333AA3000CD5225 /* HelloSwift */,
				C8C34D472333AA3000CD5225 /* Products */,
			);
			sourceTree = "<group>";
		};
		C8C34D472333AA3000CD5225 /* Products */ = {
			isa = PBXGroup;
			children = (
				C8C34D462333AA3000CD5225 /* HelloSwift */,
			);
			name = Products;
			sourceTree = "<group>";
		};
		C8C34D482333AA3000CD5225 /* HelloSwift */ = {
			isa = PBXGroup;
			children = (
				C81D6984233CDC0100D0AD52 /* leetcode */,
				C8C34D652333AD0800CD5225 /* Sort */,
				C8C34D492333AA3000CD5225 /* main.swift */,
			);
			path = HelloSwift;
			sourceTree = "<group>";
		};
		C8C34D652333AD0800CD5225 /* Sort */ = {
			isa = PBXGroup;
			children = (
				C8C34D632333ACE400CD5225 /* SelectionSort.swift */,
				C8C34D662333B15400CD5225 /* BubbleSort.swift */,
				C81D6987233CEAEC00D0AD52 /* InsertionSort.swift */,
				C82A9820233E3C2200260B99 /* MergeSort.swift */,
				C88C1D94234A35E5008116FA /* HeapSort.swift */,
			);
			path = Sort;
			sourceTree = "<group>";
		};
/* End PBXGroup section */

/* Begin PBXNativeTarget section */
		C8C34D452333AA3000CD5225 /* HelloSwift */ = {
			isa = PBXNativeTarget;
			buildConfigurationList = C8C34D4D2333AA3000CD5225 /* Build configuration list for PBXNativeTarget "HelloSwift" */;
			buildPhases = (
				C8C34D422333AA3000CD5225 /* Sources */,
				C8C34D432333AA3000CD5225 /* Frameworks */,
				C8C34D442333AA3000CD5225 /* CopyFiles */,
			);
			buildRules = (
			);
			dependencies = (
			);
			name = HelloSwift;
			productName = HelloSwift;
			productReference = C8C34D462333AA3000CD5225 /* HelloSwift */;
			productType = "com.apple.product-type.tool";
		};
/* End PBXNativeTarget section */

/* Begin PBXProject section */
		C8C34D3E2333AA3000CD5225 /* Project object */ = {
			isa = PBXProject;
			attributes = {
				LastSwiftUpdateCheck = 1020;
				LastUpgradeCheck = 1100;
				ORGANIZATIONNAME = muhlenXi;
				TargetAttributes = {
					C8C34D452333AA3000CD5225 = {
						CreatedOnToolsVersion = 10.2.1;
					};
				};
			};
			buildConfigurationList = C8C34D412333AA3000CD5225 /* Build configuration list for PBXProject "HelloSwift" */;
			compatibilityVersion = "Xcode 9.3";
			developmentRegion = en;
			hasScannedForEncodings = 0;
			knownRegions = (
				en,
			);
			mainGroup = C8C34D3D2333AA3000CD5225;
			productRefGroup = C8C34D472333AA3000CD5225 /* Products */;
			projectDirPath = "";
			projectRoot = "";
			targets = (
				C8C34D452333AA3000CD5225 /* HelloSwift */,
			);
		};
/* End PBXProject section */

/* Begin PBXSourcesBuildPhase section */
		C8C34D422333AA3000CD5225 /* Sources */ = {
			isa = PBXSourcesBuildPhase;
			buildActionMask = 2147483647;
			files = (
				C8480870234D6029006A81B8 /* DepthFirstSearch.swift in Sources */,
				C8C34D642333ACE400CD5225 /* SelectionSort.swift in Sources */,
				C88C1D8F2347127D008116FA /* Stack.swift in Sources */,
				C88FB4622341E85D00A81BA3 /* Array.swift in Sources */,
				C8E86BFC23442C370037740C /* Math.swift in Sources */,
				C88C1D8B23444081008116FA /* BinarySearch.swift in Sources */,
				C8E86BFE2344332E0037740C /* TwoPoints.swift in Sources */,
				C88C1D93234A35AE008116FA /* Heap.swift in Sources */,
				C88FB4642341E91E00A81BA3 /* String.swift in Sources */,
				C88C1D8D2346FFA0008116FA /* DivideAndConquer.swift in Sources */,
				C82A9821233E3C2200260B99 /* MergeSort.swift in Sources */,
				C88C1D97234A4185008116FA /* Tree.swift in Sources */,
				C84E061A2353F52400907A2C /* DynamicProgramming.swift in Sources */,
				C81D6988233CEAEC00D0AD52 /* InsertionSort.swift in Sources */,
				C8C34D4A2333AA3000CD5225 /* main.swift in Sources */,
				C88C1D9123485A66008116FA /* Sort.swift in Sources */,
				C88FB4662341EBE800A81BA3 /* LinkedList.swift in Sources */,
				C8C34D672333B15400CD5225 /* BubbleSort.swift in Sources */,
				C88C1D95234A35E5008116FA /* HeapSort.swift in Sources */,
			);
			runOnlyForDeploymentPostprocessing = 0;
		};
/* End PBXSourcesBuildPhase section */

/* Begin XCBuildConfiguration section */
		C8C34D4B2333AA3000CD5225 /* Debug */ = {
			isa = XCBuildConfiguration;
			buildSettings = {
				ALWAYS_SEARCH_USER_PATHS = NO;
				CLANG_ANALYZER_NONNULL = YES;
				CLANG_ANALYZER_NUMBER_OBJECT_CONVERSION = YES_AGGRESSIVE;
				CLANG_CXX_LANGUAGE_STANDARD = "gnu++14";
				CLANG_CXX_LIBRARY = "libc++";
				CLANG_ENABLE_MODULES = YES;
				CLANG_ENABLE_OBJC_ARC = YES;
				CLANG_ENABLE_OBJC_WEAK = YES;
				CLANG_WARN_BLOCK_CAPTURE_AUTORELEASING = YES;
				CLANG_WARN_BOOL_CONVERSION = YES;
				CLANG_WARN_COMMA = YES;
				CLANG_WARN_CONSTANT_CONVERSION = YES;
				CLANG_WARN_DEPRECATED_OBJC_IMPLEMENTATIONS = YES;
				CLANG_WARN_DIRECT_OBJC_ISA_USAGE = YES_ERROR;
				CLANG_WARN_DOCUMENTATION_COMMENTS = YES;
				CLANG_WARN_EMPTY_BODY = YES;
				CLANG_WARN_ENUM_CONVERSION = YES;
				CLANG_WARN_INFINITE_RECURSION = YES;
				CLANG_WARN_INT_CONVERSION = YES;
				CLANG_WARN_NON_LITERAL_NULL_CONVERSION = YES;
				CLANG_WARN_OBJC_IMPLICIT_RETAIN_SELF = YES;
				CLANG_WARN_OBJC_LITERAL_CONVERSION = YES;
				CLANG_WARN_OBJC_ROOT_CLASS = YES_ERROR;
				CLANG_WARN_RANGE_LOOP_ANALYSIS = YES;
				CLANG_WARN_STRICT_PROTOTYPES = YES;
				CLANG_WARN_SUSPICIOUS_MOVE = YES;
				CLANG_WARN_UNGUARDED_AVAILABILITY = YES_AGGRESSIVE;
				CLANG_WARN_UNREACHABLE_CODE = YES;
				CLANG_WARN__DUPLICATE_METHOD_MATCH = YES;
				CODE_SIGN_IDENTITY = "Mac Developer";
				COPY_PHASE_STRIP = NO;
				DEBUG_INFORMATION_FORMAT = dwarf;
				ENABLE_STRICT_OBJC_MSGSEND = YES;
				ENABLE_TESTABILITY = YES;
				GCC_C_LANGUAGE_STANDARD = gnu11;
				GCC_DYNAMIC_NO_PIC = NO;
				GCC_NO_COMMON_BLOCKS = YES;
				GCC_OPTIMIZATION_LEVEL = 0;
				GCC_PREPROCESSOR_DEFINITIONS = (
					"DEBUG=1",
					"$(inherited)",
				);
				GCC_WARN_64_TO_32_BIT_CONVERSION = YES;
				GCC_WARN_ABOUT_RETURN_TYPE = YES_ERROR;
				GCC_WARN_UNDECLARED_SELECTOR = YES;
				GCC_WARN_UNINITIALIZED_AUTOS = YES_AGGRESSIVE;
				GCC_WARN_UNUSED_FUNCTION = YES;
				GCC_WARN_UNUSED_VARIABLE = YES;
				MACOSX_DEPLOYMENT_TARGET = 10.14;
				MTL_ENABLE_DEBUG_INFO = INCLUDE_SOURCE;
				MTL_FAST_MATH = YES;
				ONLY_ACTIVE_ARCH = YES;
				SDKROOT = macosx;
				SWIFT_ACTIVE_COMPILATION_CONDITIONS = DEBUG;
				SWIFT_OPTIMIZATION_LEVEL = "-Onone";
			};
			name = Debug;
		};
		C8C34D4C2333AA3000CD5225 /* Release */ = {
			isa = XCBuildConfiguration;
			buildSettings = {
				ALWAYS_SEARCH_USER_PATHS = NO;
				CLANG_ANALYZER_NONNULL = YES;
				CLANG_ANALYZER_NUMBER_OBJECT_CONVERSION = YES_AGGRESSIVE;
				CLANG_CXX_LANGUAGE_STANDARD = "gnu++14";
				CLANG_CXX_LIBRARY = "libc++";
				CLANG_ENABLE_MODULES = YES;
				CLANG_ENABLE_OBJC_ARC = YES;
				CLANG_ENABLE_OBJC_WEAK = YES;
				CLANG_WARN_BLOCK_CAPTURE_AUTORELEASING = YES;
				CLANG_WARN_BOOL_CONVERSION = YES;
				CLANG_WARN_COMMA = YES;
				CLANG_WARN_CONSTANT_CONVERSION = YES;
				CLANG_WARN_DEPRECATED_OBJC_IMPLEMENTATIONS = YES;
				CLANG_WARN_DIRECT_OBJC_ISA_USAGE = YES_ERROR;
				CLANG_WARN_DOCUMENTATION_COMMENTS = YES;
				CLANG_WARN_EMPTY_BODY = YES;
				CLANG_WARN_ENUM_CONVERSION = YES;
				CLANG_WARN_INFINITE_RECURSION = YES;
				CLANG_WARN_INT_CONVERSION = YES;
				CLANG_WARN_NON_LITERAL_NULL_CONVERSION = YES;
				CLANG_WARN_OBJC_IMPLICIT_RETAIN_SELF = YES;
				CLANG_WARN_OBJC_LITERAL_CONVERSION = YES;
				CLANG_WARN_OBJC_ROOT_CLASS = YES_ERROR;
				CLANG_WARN_RANGE_LOOP_ANALYSIS = YES;
				CLANG_WARN_STRICT_PROTOTYPES = YES;
				CLANG_WARN_SUSPICIOUS_MOVE = YES;
				CLANG_WARN_UNGUARDED_AVAILABILITY = YES_AGGRESSIVE;
				CLANG_WARN_UNREACHABLE_CODE = YES;
				CLANG_WARN__DUPLICATE_METHOD_MATCH = YES;
				CODE_SIGN_IDENTITY = "Mac Developer";
				COPY_PHASE_STRIP = NO;
				DEBUG_INFORMATION_FORMAT = "dwarf-with-dsym";
				ENABLE_NS_ASSERTIONS = NO;
				ENABLE_STRICT_OBJC_MSGSEND = YES;
				GCC_C_LANGUAGE_STANDARD = gnu11;
				GCC_NO_COMMON_BLOCKS = YES;
				GCC_WARN_64_TO_32_BIT_CONVERSION = YES;
				GCC_WARN_ABOUT_RETURN_TYPE = YES_ERROR;
				GCC_WARN_UNDECLARED_SELECTOR = YES;
				GCC_WARN_UNINITIALIZED_AUTOS = YES_AGGRESSIVE;
				GCC_WARN_UNUSED_FUNCTION = YES;
				GCC_WARN_UNUSED_VARIABLE = YES;
				MACOSX_DEPLOYMENT_TARGET = 10.14;
				MTL_ENABLE_DEBUG_INFO = NO;
				MTL_FAST_MATH = YES;
				SDKROOT = macosx;
				SWIFT_COMPILATION_MODE = wholemodule;
				SWIFT_OPTIMIZATION_LEVEL = "-O";
			};
			name = Release;
		};
		C8C34D4E2333AA3000CD5225 /* Debug */ = {
			isa = XCBuildConfiguration;
			buildSettings = {
				CODE_SIGN_IDENTITY = "-";
				CODE_SIGN_STYLE = Automatic;
				DEVELOPMENT_TEAM = SQVPLJE24J;
				PRODUCT_NAME = "$(TARGET_NAME)";
				SWIFT_VERSION = 5.0;
			};
			name = Debug;
		};
		C8C34D4F2333AA3000CD5225 /* Release */ = {
			isa = XCBuildConfiguration;
			buildSettings = {
				CODE_SIGN_IDENTITY = "-";
				CODE_SIGN_STYLE = Automatic;
				DEVELOPMENT_TEAM = SQVPLJE24J;
				PRODUCT_NAME = "$(TARGET_NAME)";
				SWIFT_VERSION = 5.0;
			};
			name = Release;
		};
/* End XCBuildConfiguration section */

/* Begin XCConfigurationList section */
		C8C34D412333AA3000CD5225 /* Build configuration list for PBXProject "HelloSwift" */ = {
			isa = XCConfigurationList;
			buildConfigurations = (
				C8C34D4B2333AA3000CD5225 /* Debug */,
				C8C34D4C2333AA3000CD5225 /* Release */,
			);
			defaultConfigurationIsVisible = 0;
			defaultConfigurationName = Release;
		};
		C8C34D4D2333AA3000CD5225 /* Build configuration list for PBXNativeTarget "HelloSwift" */ = {
			isa = XCConfigurationList;
			buildConfigurations = (
				C8C34D4E2333AA3000CD5225 /* Debug */,
				C8C34D4F2333AA3000CD5225 /* Release */,
			);
			defaultConfigurationIsVisible = 0;
			defaultConfigurationName = Release;
		};
/* End XCConfigurationList section */
	};
	rootObject = C8C34D3E2333AA3000CD5225 /* Project object */;
}
